{
	"name": "@dxworks/dev",
	"version": "0.1.0",
	"lockfileVersion": 2,
	"requires": true,
	"packages": {
		"": {
			"name": "@dxworks/dev",
			"version": "0.1.0",
			"license": "Apache-2.0",
			"dependencies": {
				"@dxworks/ktextensions": "^0.1.0",
				"commander": "^8.2.0"
			},
			"bin": {
				"dxdev": "dist/index.js"
			}
		},
		"node_modules/@dxworks/ktextensions": {
			"version": "0.1.0",
			"resolved": "https://npm.pkg.github.com/download/@dxworks/ktextensions/0.1.0/f4f2f973ddb56711e645f98651839fb7d6af77ccf1367dae4d04648cc8582ad6",
			"integrity": "sha512-OmhBbC3D/IXcC47Dc8YmDD/LXYlmGxZ4/PX81KOL1eK90zYPXP7/JZn5zzNZVKfQZInpjZooWGG1TIK7ZrXfHA==",
			"license": "Apache-2.0",
			"dependencies": {
				"typescript": "^4.4.3"
			}
		},
		"node_modules/commander": {
			"version": "8.3.0",
			"resolved": "https://registry.npmjs.org/commander/-/commander-8.3.0.tgz",
			"integrity": "sha512-OkTL9umf+He2DZkUq8f8J9of7yL6RJKI24dVITBmNfZBmri9zYZQrKkuXiKhyfPSu8tUhnVBB1iKXevvnlR4Ww==",
			"engines": {
				"node": ">= 12"
			}
		},
		"node_modules/typescript": {
			"version": "4.4.4",
			"resolved": "https://registry.npmjs.org/typescript/-/typescript-4.4.4.tgz",
			"integrity": "sha512-DqGhF5IKoBl8WNf8C1gu8q0xZSInh9j1kJJMqT3a94w1JzVaBU4EXOSMrz9yDqMT0xt3selp83fuFMQ0uzv6qA==",
			"bin": {
				"tsc": "bin/tsc",
				"tsserver": "bin/tsserver"
			},
			"engines": {
				"node": ">=4.2.0"
			}
		}
	},
	"dependencies": {
		"@dxworks/ktextensions": {
			"version": "0.1.0",
			"resolved": "https://npm.pkg.github.com/download/@dxworks/ktextensions/0.1.0/f4f2f973ddb56711e645f98651839fb7d6af77ccf1367dae4d04648cc8582ad6",
			"integrity": "sha512-OmhBbC3D/IXcC47Dc8YmDD/LXYlmGxZ4/PX81KOL1eK90zYPXP7/JZn5zzNZVKfQZInpjZooWGG1TIK7ZrXfHA==",
			"requires": {
				"typescript": "^4.4.3"
			}
		},
		"commander": {
			"version": "8.3.0",
			"resolved": "https://registry.npmjs.org/commander/-/commander-8.3.0.tgz",
			"integrity": "sha512-OkTL9umf+He2DZkUq8f8J9of7yL6RJKI24dVITBmNfZBmri9zYZQrKkuXiKhyfPSu8tUhnVBB1iKXevvnlR4Ww=="
		},
		"typescript": {
			"version": "4.4.4",
			"resolved": "https://registry.npmjs.org/typescript/-/typescript-4.4.4.tgz",
			"integrity": "sha512-DqGhF5IKoBl8WNf8C1gu8q0xZSInh9j1kJJMqT3a94w1JzVaBU4EXOSMrz9yDqMT0xt3selp83fuFMQ0uzv6qA=="
		}
	}
}
